
Microsoft Visual Studio Solution File, Format Version 12.00
# Visual Studio Version 16
VisualStudioVersion = 16.0.30204.135
MinimumVisualStudioVersion = 10.0.40219.1
Project("{FAE04EC0-301F-11D3-BF4B-00C04F79EFBC}") = "PegasusMetaCreator", "PegasusMetaCreator\PegasusMetaCreator.csproj", "{8B560A08-2528-4A4B-A46D-2F707A7549DB}"
EndProject
Global
	GlobalSection(SolutionConfigurationPlatforms) = preSolution
		Debug|Any CPU = Debug|Any CPU
		Release|Any CPU = Release|Any CPU
	EndGlobalSection
	GlobalSection(ProjectConfigurationPlatforms) = postSolution
		{8B560A08-2528-4A4B-A46D-2F707A7549DB}.Debug|Any CPU.ActiveCfg = Debug|Any CPU
		{8B560A08-2528-4A4B-A46D-2F707A7549DB}.Debug|Any CPU.Build.0 = Debug|Any CPU
		{8B560A08-2528-4A4B-A46D-2F707A7549DB}.Release|Any CPU.ActiveCfg = Release|Any CPU
		{8B560A08-2528-4A4B-A46D-2F707A7549DB}.Release|Any CPU.Build.0 = Release|Any CPU
	EndGlobalSection
	GlobalSection(SolutionProperties) = preSolution
		HideSolutionNode = FALSE
	EndGlobalSection
	GlobalSection(ExtensibilityGlobals) = postSolution
		SolutionGuid = {365E18FA-E09E-453F-B33A-FCCFAF0BF141}
	EndGlobalSection
EndGlobal
